<?xml version="1.0" encoding="utf-8"?>
<Project ToolsVersion="4.0" xmlns="http://schemas.microsoft.com/developer/msbuild/2003">
  <ItemGroup>
    <Filter Include="Source Files">
      <UniqueIdentifier>{4FC737F1-C7A5-4376-A066-2A32D752A2FF}</UniqueIdentifier>
      <Extensions>cpp;c;cc;cxx;c++;cppm;ixx;def;odl;idl;hpj;bat;asm;asmx</Extensions>
    </Filter>
    <Filter Include="Header Files">
      <UniqueIdentifier>{93995380-89BD-4b04-88EB-625FBE52EBFB}</UniqueIdentifier>
      <Extensions>h;hh;hpp;hxx;h++;hm;inl;inc;ipp;xsd</Extensions>
    </Filter>
    <Filter Include="Resource Files">
      <UniqueIdentifier>{67DA6AB6-F800-4c08-8B7A-83BB121AAD01}</UniqueIdentifier>
      <Extensions>rc;ico;cur;bmp;dlg;rc2;rct;bin;rgs;gif;jpg;jpeg;jpe;resx;tiff;tif;png;wav;mfcribbon-ms</Extensions>
    </Filter>
    <Filter Include="Header Files\RenderSystemVulkan">
      <UniqueIdentifier>{622f73c7-97c8-4e22-97eb-c9de6f475a41}</UniqueIdentifier>
    </Filter>
    <Filter Include="Source Files\RenderSystemVulkan">
      <UniqueIdentifier>{8c89fda0-24ce-4572-b9c9-10a90290b53f}</UniqueIdentifier>
    </Filter>
    <Filter Include="Source Files\Shaders">
      <UniqueIdentifier>{b2854018-12ef-43c7-96fe-d8e56e1b6ecd}</UniqueIdentifier>
    </Filter>
  </ItemGroup>
  <ItemGroup>
    <ClCompile Include="dllmain.cpp">
      <Filter>Source Files</Filter>
    </ClCompile>
    <ClCompile Include="..\..\..\Code\Engine\RenderSystem\RenderSystemVulkan\RenderSystemVulkan.cpp">
      <Filter>Source Files\RenderSystemVulkan</Filter>
    </ClCompile>
    <ClCompile Include="..\..\..\Code\Engine\RenderSystem\RenderSystemVulkan\ColoredSpriteRenderVulkan.cpp">
      <Filter>Source Files\RenderSystemVulkan</Filter>
    </ClCompile>
    <ClCompile Include="..\..\..\Code\Engine\RenderSystem\RenderSystemVulkan\DescriptorSetsVulkan.cpp">
      <Filter>Source Files\RenderSystemVulkan</Filter>
    </ClCompile>
    <ClCompile Include="..\..\..\Code\Engine\RenderSystem\RenderSystemVulkan\UtilsVulkan.cpp">
      <Filter>Source Files\RenderSystemVulkan</Filter>
    </ClCompile>
    <ClCompile Include="..\..\..\Code\Engine\RenderSystem\RenderSystemVulkan\TexturedVisual2DRenderVulkan.cpp">
      <Filter>Source Files\RenderSystemVulkan</Filter>
    </ClCompile>
  </ItemGroup>
  <ItemGroup>
    <ClInclude Include="..\..\..\Code\Engine\RenderSystem\RenderSystemVulkan\Module.h">
      <Filter>Header Files</Filter>
    </ClInclude>
    <ClInclude Include="..\..\..\Code\Engine\RenderSystem\RenderSystemVulkan\RenderSystemVulkan.h">
      <Filter>Header Files\RenderSystemVulkan</Filter>
    </ClInclude>
    <ClInclude Include="..\..\..\Code\Engine\RenderSystem\RenderSystemVulkan\ColoredSpriteRenderVulkan.h">
      <Filter>Header Files\RenderSystemVulkan</Filter>
    </ClInclude>
    <ClInclude Include="..\..\..\Code\Engine\RenderSystem\RenderSystemVulkan\DescriptorSetsVulkan.h">
      <Filter>Header Files\RenderSystemVulkan</Filter>
    </ClInclude>
    <ClInclude Include="..\..\..\Code\Engine\RenderSystem\RenderSystemVulkan\UtilsVulkan.h">
      <Filter>Header Files\RenderSystemVulkan</Filter>
    </ClInclude>
    <ClInclude Include="..\..\..\Code\Engine\RenderSystem\RenderSystemVulkan\TexturedVisual2DRenderVulkan.h">
      <Filter>Header Files\RenderSystemVulkan</Filter>
    </ClInclude>
  </ItemGroup>
  <ItemGroup>
    <None Include="..\..\..\Code\Shaders\GLSL\ColoredSprite2d.glsl">
      <Filter>Source Files\Shaders</Filter>
    </None>
  </ItemGroup>
</Project>